spring:
  autoconfigure:
    exclude:
      - org.redisson.spring.starter.RedissonAutoConfigurationV2

lock:
  redisson:
    enabled: false
    host: localhost
    port: 6379
    database: 10
    password: order1234
    wait-time: 3000
    lease-time: 10000
    retry-interval: 150

  named:
    enabled: false
    wait-time: 3000
    retry-interval: 150
